<?xml version="1.0" encoding="utf-8"?>
<Project ToolsVersion="4.0" xmlns="http://schemas.microsoft.com/developer/msbuild/2003">
  <ItemGroup>
    <Filter Include="Source Files">
      <UniqueIdentifier>{4FC737F1-C7A5-4376-A066-2A32D752A2FF}</UniqueIdentifier>
      <Extensions>cpp;c;cc;cxx;def;odl;idl;hpj;bat;asm;asmx</Extensions>
    </Filter>
    <Filter Include="Header Files">
      <UniqueIdentifier>{93995380-89BD-4b04-88EB-625FBE52EBFB}</UniqueIdentifier>
      <Extensions>h;hh;hpp;hxx;hm;inl;inc;ipp;xsd</Extensions>
    </Filter>
    <Filter Include="Resource Files">
      <UniqueIdentifier>{67DA6AB6-F800-4c08-8B7A-83BB121AAD01}</UniqueIdentifier>
      <Extensions>rc;ico;cur;bmp;dlg;rc2;rct;bin;rgs;gif;jpg;jpeg;jpe;resx;tiff;tif;png;wav;mfcribbon-ms</Extensions>
    </Filter>
    <Filter Include="Header Files\BasicExcecptions">
      <UniqueIdentifier>{01340cfb-2f57-44dc-be51-faf16c990532}</UniqueIdentifier>
    </Filter>
    <Filter Include="Source Files\BasicExceptions">
      <UniqueIdentifier>{ed4f43a8-88f4-4316-b6e9-38139609f891}</UniqueIdentifier>
    </Filter>
    <Filter Include="Header Files\TextFiles">
      <UniqueIdentifier>{296efec0-d196-4d6d-a374-a8df9a396262}</UniqueIdentifier>
    </Filter>
    <Filter Include="Source Files\TextFiles">
      <UniqueIdentifier>{0c6fbdb3-0b21-4cf2-a733-106d77239c67}</UniqueIdentifier>
    </Filter>
    <Filter Include="Header Files\TestClassInterdependency">
      <UniqueIdentifier>{d9cb4fae-0d3d-4700-9991-83e4512322c9}</UniqueIdentifier>
    </Filter>
    <Filter Include="Source Files\TestClassInterdependency">
      <UniqueIdentifier>{92378111-8937-4cdc-8cfb-b51a41c2e755}</UniqueIdentifier>
    </Filter>
  </ItemGroup>
  <ItemGroup>
    <ClCompile Include="Main.cpp">
      <Filter>Source Files</Filter>
    </ClCompile>
    <ClCompile Include="BasicExceptions.cpp">
      <Filter>Source Files\BasicExceptions</Filter>
    </ClCompile>
    <ClCompile Include="TextFiles\TextFiles.cpp">
      <Filter>Source Files\TextFiles</Filter>
    </ClCompile>
    <ClCompile Include="TestClassInterdependency\Interdependency.cpp">
      <Filter>Source Files\TestClassInterdependency</Filter>
    </ClCompile>
  </ItemGroup>
  <ItemGroup>
    <ClInclude Include="BasicExceptions.h">
      <Filter>Header Files\BasicExcecptions</Filter>
    </ClInclude>
    <ClInclude Include="TestFolder\TestHeader.h">
      <Filter>Header Files</Filter>
    </ClInclude>
    <ClInclude Include="TextFiles\TextFiles.h">
      <Filter>Header Files\TextFiles</Filter>
    </ClInclude>
    <ClInclude Include="TestClassInterdependency\Interdependency.h">
      <Filter>Header Files\TestClassInterdependency</Filter>
    </ClInclude>
  </ItemGroup>
  <ItemGroup>
    <Text Include="Text.txt">
      <Filter>Resource Files</Filter>
    </Text>
    <Text Include="Population.txt">
      <Filter>Header Files\TextFiles</Filter>
    </Text>
  </ItemGroup>
</Project>